
Microsoft Visual Studio Solution File, Format Version 12.00
# Visual Studio Version 16
VisualStudioVersion = 16.0.31205.134
MinimumVisualStudioVersion = 10.0.40219.1
Project("{9A19103F-16F7-4668-BE54-9A1E7A4F7556}") = "TetrisServer", "TetrisServer\TetrisServer.csproj", "{B55E0986-374D-496F-9757-D6BF1E29C2F3}"
EndProject
Project("{9A19103F-16F7-4668-BE54-9A1E7A4F7556}") = "Common", "Common\Common.csproj", "{8E8C0604-7112-49B0-BA03-85E9E7A5785D}"
EndProject
Project("{9A19103F-16F7-4668-BE54-9A1E7A4F7556}") = "TetrisMasterClient_jtg", "TetrisMasterClient_jtg\TetrisMasterClient_jtg.csproj", "{3A6B8CD0-C6E2-44C4-8159-16348B59F44B}"
	ProjectSection(ProjectDependencies) = postProject
		{8E8C0604-7112-49B0-BA03-85E9E7A5785D} = {8E8C0604-7112-49B0-BA03-85E9E7A5785D}
	EndProjectSection
EndProject
Project("{9A19103F-16F7-4668-BE54-9A1E7A4F7556}") = "TetrismasterClient_yhj", "TestrismasterClient_yhj\TestrismasterClient_yhj\TetrismasterClient_yhj.csproj", "{E61EDEDC-C9F1-4C91-946D-53F053946A63}"
EndProject
Global
	GlobalSection(SolutionConfigurationPlatforms) = preSolution
		Debug|Any CPU = Debug|Any CPU
		Release|Any CPU = Release|Any CPU
	EndGlobalSection
	GlobalSection(ProjectConfigurationPlatforms) = postSolution
		{B55E0986-374D-496F-9757-D6BF1E29C2F3}.Debug|Any CPU.ActiveCfg = Debug|Any CPU
		{B55E0986-374D-496F-9757-D6BF1E29C2F3}.Debug|Any CPU.Build.0 = Debug|Any CPU
		{B55E0986-374D-496F-9757-D6BF1E29C2F3}.Release|Any CPU.ActiveCfg = Release|Any CPU
		{B55E0986-374D-496F-9757-D6BF1E29C2F3}.Release|Any CPU.Build.0 = Release|Any CPU
		{8E8C0604-7112-49B0-BA03-85E9E7A5785D}.Debug|Any CPU.ActiveCfg = Debug|Any CPU
		{8E8C0604-7112-49B0-BA03-85E9E7A5785D}.Debug|Any CPU.Build.0 = Debug|Any CPU
		{8E8C0604-7112-49B0-BA03-85E9E7A5785D}.Release|Any CPU.ActiveCfg = Release|Any CPU
		{8E8C0604-7112-49B0-BA03-85E9E7A5785D}.Release|Any CPU.Build.0 = Release|Any CPU
		{3A6B8CD0-C6E2-44C4-8159-16348B59F44B}.Debug|Any CPU.ActiveCfg = Debug|Any CPU
		{3A6B8CD0-C6E2-44C4-8159-16348B59F44B}.Debug|Any CPU.Build.0 = Debug|Any CPU
		{3A6B8CD0-C6E2-44C4-8159-16348B59F44B}.Release|Any CPU.ActiveCfg = Release|Any CPU
		{3A6B8CD0-C6E2-44C4-8159-16348B59F44B}.Release|Any CPU.Build.0 = Release|Any CPU
		{E61EDEDC-C9F1-4C91-946D-53F053946A63}.Debug|Any CPU.ActiveCfg = Debug|Any CPU
		{E61EDEDC-C9F1-4C91-946D-53F053946A63}.Debug|Any CPU.Build.0 = Debug|Any CPU
		{E61EDEDC-C9F1-4C91-946D-53F053946A63}.Release|Any CPU.ActiveCfg = Release|Any CPU
		{E61EDEDC-C9F1-4C91-946D-53F053946A63}.Release|Any CPU.Build.0 = Release|Any CPU
	EndGlobalSection
	GlobalSection(SolutionProperties) = preSolution
		HideSolutionNode = FALSE
	EndGlobalSection
	GlobalSection(ExtensibilityGlobals) = postSolution
		SolutionGuid = {3A3823D4-F2E2-4A5B-9DE1-182E1206C4C1}
	EndGlobalSection
EndGlobal
